
Microsoft Visual Studio Solution File, Format Version 12.00
# Visual Studio Version 16
VisualStudioVersion = 16.0.31410.357
MinimumVisualStudioVersion = 10.0.40219.1
Project("{8BC9CEB8-8B4A-11D0-8D11-00A0C91BC942}") = "C++ Calculator", "C++ Calculator\C++ Calculator.vcxproj", "{4776FCF6-F65C-487C-AC6D-6B47322A3FEA}"
EndProject
Global
	GlobalSection(SolutionConfigurationPlatforms) = preSolution
		Debug|x64 = Debug|x64
		Debug|x86 = Debug|x86
		Release|x64 = Release|x64
		Release|x86 = Release|x86
	EndGlobalSection
	GlobalSection(ProjectConfigurationPlatforms) = postSolution
		{4776FCF6-F65C-487C-AC6D-6B47322A3FEA}.Debug|x64.ActiveCfg = Debug|x64
		{4776FCF6-F65C-487C-AC6D-6B47322A3FEA}.Debug|x64.Build.0 = Debug|x64
		{4776FCF6-F65C-487C-AC6D-6B47322A3FEA}.Debug|x86.ActiveCfg = Debug|Win32
		{4776FCF6-F65C-487C-AC6D-6B47322A3FEA}.Debug|x86.Build.0 = Debug|Win32
		{4776FCF6-F65C-487C-AC6D-6B47322A3FEA}.Release|x64.ActiveCfg = Release|x64
		{4776FCF6-F65C-487C-AC6D-6B47322A3FEA}.Release|x64.Build.0 = Release|x64
		{4776FCF6-F65C-487C-AC6D-6B47322A3FEA}.Release|x86.ActiveCfg = Release|Win32
		{4776FCF6-F65C-487C-AC6D-6B47322A3FEA}.Release|x86.Build.0 = Release|Win32
	EndGlobalSection
	GlobalSection(SolutionProperties) = preSolution
		HideSolutionNode = FALSE
	EndGlobalSection
	GlobalSection(ExtensibilityGlobals) = postSolution
		SolutionGuid = {2102F5B7-F1D1-4046-AA9D-EB26A63BAD9C}
	EndGlobalSection
EndGlobal
